
Microsoft Visual Studio Solution File, Format Version 12.00
# Visual Studio Version 17
VisualStudioVersion = 17.5.002.0
MinimumVisualStudioVersion = 10.0.40219.1
Project("{9A19103F-16F7-4668-BE54-9A1E7A4F7556}") = "convert-tokens", "convert-tokens.csproj", "{92646B8E-45F1-473C-8FB6-06DA0E1A5E76}"
EndProject
Global
	GlobalSection(SolutionConfigurationPlatforms) = preSolution
		Debug|Any CPU = Debug|Any CPU
		Release|Any CPU = Release|Any CPU
	EndGlobalSection
	GlobalSection(ProjectConfigurationPlatforms) = postSolution
		{92646B8E-45F1-473C-8FB6-06DA0E1A5E76}.Debug|Any CPU.ActiveCfg = Debug|Any CPU
		{92646B8E-45F1-473C-8FB6-06DA0E1A5E76}.Debug|Any CPU.Build.0 = Debug|Any CPU
		{92646B8E-45F1-473C-8FB6-06DA0E1A5E76}.Release|Any CPU.ActiveCfg = Release|Any CPU
		{92646B8E-45F1-473C-8FB6-06DA0E1A5E76}.Release|Any CPU.Build.0 = Release|Any CPU
	EndGlobalSection
	GlobalSection(SolutionProperties) = preSolution
		HideSolutionNode = FALSE
	EndGlobalSection
	GlobalSection(ExtensibilityGlobals) = postSolution
		SolutionGuid = {073E13C9-E616-4CCB-8C86-5FD9AD6BBD3B}
	EndGlobalSection
EndGlobal
